{
  "name": "request-to-curl",
  "version": "0.1.1",
  "lockfileVersion": 1,
  "requires": true,
  "dependencies": {
    "http-parser-js": {
      "version": "0.5.1",
      "resolved": "https://registry.npmjs.org/http-parser-js/-/http-parser-js-0.5.1.tgz",
      "integrity": "sha512-klJydAEoXHWYRtOoDwtNVIF6xrYCMTHnG8hu8uASFCmj9qNZ9R3kWeZ7NgqLctY9QRkvsNoqOmN6Lw2qZmGgVQ=="
    }
  }
}
